
Microsoft Visual Studio Solution File, Format Version 12.00
# Visual Studio Version 17
VisualStudioVersion = 17.1.31903.286
MinimumVisualStudioVersion = 10.0.40219.1
Project("{9A19103F-16F7-4668-BE54-9A1E7A4F7556}") = "OpenAssets.Examples.CheckWarnings", "OpenAssets.Examples.CheckWarnings\OpenAssets.Examples.CheckWarnings.csproj", "{4247658A-A920-47F9-B93E-2DAFD15EABF9}"
EndProject
Project("{9A19103F-16F7-4668-BE54-9A1E7A4F7556}") = "OpenAssets.Examples.API", "OpenAssets.Examples.API\OpenAssets.Examples.API.csproj", "{191AD430-69F5-4A0B-A5F7-50B8AF23BBA9}"
EndProject
Global
	GlobalSection(SolutionConfigurationPlatforms) = preSolution
		Debug|Any CPU = Debug|Any CPU
		Release|Any CPU = Release|Any CPU
	EndGlobalSection
	GlobalSection(ProjectConfigurationPlatforms) = postSolution
		{4247658A-A920-47F9-B93E-2DAFD15EABF9}.Debug|Any CPU.ActiveCfg = Debug|Any CPU
		{4247658A-A920-47F9-B93E-2DAFD15EABF9}.Debug|Any CPU.Build.0 = Debug|Any CPU
		{4247658A-A920-47F9-B93E-2DAFD15EABF9}.Release|Any CPU.ActiveCfg = Release|Any CPU
		{4247658A-A920-47F9-B93E-2DAFD15EABF9}.Release|Any CPU.Build.0 = Release|Any CPU
		{191AD430-69F5-4A0B-A5F7-50B8AF23BBA9}.Debug|Any CPU.ActiveCfg = Debug|Any CPU
		{191AD430-69F5-4A0B-A5F7-50B8AF23BBA9}.Debug|Any CPU.Build.0 = Debug|Any CPU
		{191AD430-69F5-4A0B-A5F7-50B8AF23BBA9}.Release|Any CPU.ActiveCfg = Release|Any CPU
		{191AD430-69F5-4A0B-A5F7-50B8AF23BBA9}.Release|Any CPU.Build.0 = Release|Any CPU
	EndGlobalSection
	GlobalSection(SolutionProperties) = preSolution
		HideSolutionNode = FALSE
	EndGlobalSection
	GlobalSection(ExtensibilityGlobals) = postSolution
		SolutionGuid = {150C52A7-239D-435B-8409-26AFADEBA6EB}
	EndGlobalSection
EndGlobal
